{
  "name": "test",
  "lockfileVersion": 3,
  "requires": true,
  "packages": {
    "": {
      "dependencies": {
        "moment-timezone": "^0.5.42"
      }
    },
    "node_modules/moment": {
      "version": "2.29.4",
      "resolved": "https://registry.npmjs.org/moment/-/moment-2.29.4.tgz",
      "integrity": "sha512-5LC9SOxjSc2HF6vO2CyuTDNivEdoz2IvyJJGj6X8DJ0eFyfszE0QiEd+iXmBvUP3WHxSjFH/vIsA0EN00cgr8w==",
      "engines": {
        "node": "*"
      }
    },
    "node_modules/moment-timezone": {
      "version": "0.5.42",
      "resolved": "https://registry.npmjs.org/moment-timezone/-/moment-timezone-0.5.42.tgz",
      "integrity": "sha512-tjI9goqwzkflKSTxJo+jC/W8riTFwEjjunssmFvAWlvNVApjbkJM7UHggyKO0q1Fd/kZVKY77H7C9A0XKhhAFw==",
      "dependencies": {
        "moment": "^2.29.4"
      },
      "engines": {
        "node": "*"
      }
    }
  }
}
